PODS:
  - Flutter (1.0.0)
  - fluttervideoplugin (0.0.1):
    - Flutter

DEPENDENCIES:
  - Flutter (from `Flutter`)
  - fluttervideoplugin (from `.symlinks/plugins/fluttervideoplugin/ios`)

EXTERNAL SOURCES:
  Flutter:
    :path: Flutter
  fluttervideoplugin:
    :path: ".symlinks/plugins/fluttervideoplugin/ios"

SPEC CHECKSUMS:
  Flutter: 0e3d915762c693b495b44d77113d4970485de6ec
  fluttervideoplugin: c9dadeb2376977f91ca41cd9e7a7e8bb51b43d1d

PODFILE CHECKSUM: f32fb4e7c14f8b3ca19a369d7be425dd9241af27

COCOAPODS: 1.9.1
